// !$*UTF8*$!
{
	archiveVersion = 1;
	classes = {
	};
	objectVersion = 50;
	objects = {

/* Begin PBXBuildFile section */
		12FFB0D826FF4D0F002B7F88 /* AppDelegate.swift in Sources */ = {isa = PBXBuildFile; fileRef = 12FFB0D726FF4D0F002B7F88 /* AppDelegate.swift */; };
		12FFB0DA26FF4D0F002B7F88 /* SceneDelegate.swift in Sources */ = {isa = PBXBuildFile; fileRef = 12FFB0D926FF4D0F002B7F88 /* SceneDelegate.swift */; };
		12FFB0DC26FF4D0F002B7F88 /* ViewController.swift in Sources */ = {isa = PBXBuildFile; fileRef = 12FFB0DB26FF4D0F002B7F88 /* ViewController.swift */; };
		12FFB0DF26FF4D0F002B7F88 /* Main.storyboard in Resources */ = {isa = PBXBuildFile; fileRef = 12FFB0DD26FF4D0F002B7F88 /* Main.storyboard */; };
		12FFB0E126FF4D10002B7F88 /* Assets.xcassets in Resources */ = {isa = PBXBuildFile; fileRef = 12FFB0E026FF4D10002B7F88 /* Assets.xcassets */; };
		12FFB0E426FF4D10002B7F88 /* LaunchScreen.storyboard in Resources */ = {isa = PBXBuildFile; fileRef = 12FFB0E226FF4D10002B7F88 /* LaunchScreen.storyboard */; };
		12FFB0EF26FF4D10002B7F88 /* MockCocoonAppTests.swift in Sources */ = {isa = PBXBuildFile; fileRef = 12FFB0EE26FF4D10002B7F88 /* MockCocoonAppTests.swift */; };
		12FFB0FA26FF4D10002B7F88 /* MockCocoonAppUITests.swift in Sources */ = {isa = PBXBuildFile; fileRef = 12FFB0F926FF4D10002B7F88 /* MockCocoonAppUITests.swift */; };
/* End PBXBuildFile section */

/* Begin PBXContainerItemProxy section */
		12FFB0EB26FF4D10002B7F88 /* PBXContainerItemProxy */ = {
			isa = PBXContainerItemProxy;
			containerPortal = 12FFB0CC26FF4D0F002B7F88 /* Project object */;
			proxyType = 1;
			remoteGlobalIDString = 12FFB0D326FF4D0F002B7F88;
			remoteInfo = MockCocoonApp;
		};
		12FFB0F626FF4D10002B7F88 /* PBXContainerItemProxy */ = {
			isa = PBXContainerItemProxy;
			containerPortal = 12FFB0CC26FF4D0F002B7F88 /* Project object */;
			proxyType = 1;
			remoteGlobalIDString = 12FFB0D326FF4D0F002B7F88;
			remoteInfo = MockCocoonApp;
		};
/* End PBXContainerItemProxy section */

/* Begin PBXFileReference section */
		12FFB0D426FF4D0F002B7F88 /* MockCocoonApp.app */ = {isa = PBXFileReference; explicitFileType = wrapper.application; includeInIndex = 0; path = MockCocoonApp.app; sourceTree = BUILT_PRODUCTS_DIR; };
		12FFB0D726FF4D0F002B7F88 /* AppDelegate.swift */ = {isa = PBXFileReference; lastKnownFileType = sourcecode.swift; path = AppDelegate.swift; sourceTree = "<group>"; };
		12FFB0D926FF4D0F002B7F88 /* SceneDelegate.swift */ = {isa = PBXFileReference; lastKnownFileType = sourcecode.swift; path = SceneDelegate.swift; sourceTree = "<group>"; };
		12FFB0DB26FF4D0F002B7F88 /* ViewController.swift */ = {isa = PBXFileReference; lastKnownFileType = sourcecode.swift; path = ViewController.swift; sourceTree = "<group>"; };
		12FFB0DE26FF4D0F002B7F88 /* Base */ = {isa = PBXFileReference; lastKnownFileType = file.storyboard; name = Base; path = Base.lproj/Main.storyboard; sourceTree = "<group>"; };
		12FFB0E026FF4D10002B7F88 /* Assets.xcassets */ = {isa = PBXFileReference; lastKnownFileType = folder.assetcatalog; path = Assets.xcassets; sourceTree = "<group>"; };
		12FFB0E326FF4D10002B7F88 /* Base */ = {isa = PBXFileReference; lastKnownFileType = file.storyboard; name = Base; path = Base.lproj/LaunchScreen.storyboard; sourceTree = "<group>"; };
		12FFB0E526FF4D10002B7F88 /* Info.plist */ = {isa = PBXFileReference; lastKnownFileType = text.plist.xml; path = Info.plist; sourceTree = "<group>"; };
		12FFB0EA26FF4D10002B7F88 /* MockCocoonAppTests.xctest */ = {isa = PBXFileReference; explicitFileType = wrapper.cfbundle; includeInIndex = 0; path = MockCocoonAppTests.xctest; sourceTree = BUILT_PRODUCTS_DIR; };
		12FFB0EE26FF4D10002B7F88 /* MockCocoonAppTests.swift */ = {isa = PBXFileReference; lastKnownFileType = sourcecode.swift; path = MockCocoonAppTests.swift; sourceTree = "<group>"; };
		12FFB0F026FF4D10002B7F88 /* Info.plist */ = {isa = PBXFileReference; lastKnownFileType = text.plist.xml; path = Info.plist; sourceTree = "<group>"; };
		12FFB0F526FF4D10002B7F88 /* MockCocoonAppUITests.xctest */ = {isa = PBXFileReference; explicitFileType = wrapper.cfbundle; includeInIndex = 0; path = MockCocoonAppUITests.xctest; sourceTree = BUILT_PRODUCTS_DIR; };
		12FFB0F926FF4D10002B7F88 /* MockCocoonAppUITests.swift */ = {isa = PBXFileReference; lastKnownFileType = sourcecode.swift; path = MockCocoonAppUITests.swift; sourceTree = "<group>"; };
		12FFB0FB26FF4D10002B7F88 /* Info.plist */ = {isa = PBXFileReference; lastKnownFileType = text.plist.xml; path = Info.plist; sourceTree = "<group>"; };
/* End PBXFileReference section */

/* Begin PBXFrameworksBuildPhase section */
		12FFB0D126FF4D0F002B7F88 /* Frameworks */ = {
			isa = PBXFrameworksBuildPhase;
			buildActionMask = 2147483647;
			files = (
			);
			runOnlyForDeploymentPostprocessing = 0;
		};
		12FFB0E726FF4D10002B7F88 /* Frameworks */ = {
			isa = PBXFrameworksBuildPhase;
			buildActionMask = 2147483647;
			files = (
			);
			runOnlyForDeploymentPostprocessing = 0;
		};
		12FFB0F226FF4D10002B7F88 /* Frameworks */ = {
			isa = PBXFrameworksBuildPhase;
			buildActionMask = 2147483647;
			files = (
			);
			runOnlyForDeploymentPostprocessing = 0;
		};
/* End PBXFrameworksBuildPhase section */

/* Begin PBXGroup section */
		12FFB0CB26FF4D0F002B7F88 = {
			isa = PBXGroup;
			children = (
				12FFB0D626FF4D0F002B7F88 /* MockCocoonApp */,
				12FFB0ED26FF4D10002B7F88 /* MockCocoonAppTests */,
				12FFB0F826FF4D10002B7F88 /* MockCocoonAppUITests */,
				12FFB0D526FF4D0F002B7F88 /* Products */,
			);
			sourceTree = "<group>";
		};
		12FFB0D526FF4D0F002B7F88 /* Products */ = {
			isa = PBXGroup;
			children = (
				12FFB0D426FF4D0F002B7F88 /* MockCocoonApp.app */,
				12FFB0EA26FF4D10002B7F88 /* MockCocoonAppTests.xctest */,
				12FFB0F526FF4D10002B7F88 /* MockCocoonAppUITests.xctest */,
			);
			name = Products;
			sourceTree = "<group>";
		};
		12FFB0D626FF4D0F002B7F88 /* MockCocoonApp */ = {
			isa = PBXGroup;
			children = (
				12FFB0D726FF4D0F002B7F88 /* AppDelegate.swift */,
				12FFB0D926FF4D0F002B7F88 /* SceneDelegate.swift */,
				12FFB0DB26FF4D0F002B7F88 /* ViewController.swift */,
				12FFB0DD26FF4D0F002B7F88 /* Main.storyboard */,
				12FFB0E026FF4D10002B7F88 /* Assets.xcassets */,
				12FFB0E226FF4D10002B7F88 /* LaunchScreen.storyboard */,
				12FFB0E526FF4D10002B7F88 /* Info.plist */,
			);
			path = MockCocoonApp;
			sourceTree = "<group>";
		};
		12FFB0ED26FF4D10002B7F88 /* MockCocoonAppTests */ = {
			isa = PBXGroup;
			children = (
				12FFB0EE26FF4D10002B7F88 /* MockCocoonAppTests.swift */,
				12FFB0F026FF4D10002B7F88 /* Info.plist */,
			);
			path = MockCocoonAppTests;
			sourceTree = "<group>";
		};
		12FFB0F826FF4D10002B7F88 /* MockCocoonAppUITests */ = {
			isa = PBXGroup;
			children = (
				12FFB0F926FF4D10002B7F88 /* MockCocoonAppUITests.swift */,
				12FFB0FB26FF4D10002B7F88 /* Info.plist */,
			);
			path = MockCocoonAppUITests;
			sourceTree = "<group>";
		};
/* End PBXGroup section */

/* Begin PBXNativeTarget section */
		12FFB0D326FF4D0F002B7F88 /* MockCocoonApp */ = {
			isa = PBXNativeTarget;
			buildConfigurationList = 12FFB0FE26FF4D10002B7F88 /* Build configuration list for PBXNativeTarget "MockCocoonApp" */;
			buildPhases = (
				12FFB0D026FF4D0F002B7F88 /* Sources */,
				12FFB0D126FF4D0F002B7F88 /* Frameworks */,
				12FFB0D226FF4D0F002B7F88 /* Resources */,
			);
			buildRules = (
			);
			dependencies = (
			);
			name = MockCocoonApp;
			productName = MockCocoonApp;
			productReference = 12FFB0D426FF4D0F002B7F88 /* MockCocoonApp.app */;
			productType = "com.apple.product-type.application";
		};
		12FFB0E926FF4D10002B7F88 /* MockCocoonAppTests */ = {
			isa = PBXNativeTarget;
			buildConfigurationList = 12FFB10126FF4D10002B7F88 /* Build configuration list for PBXNativeTarget "MockCocoonAppTests" */;
			buildPhases = (
				12FFB0E626FF4D10002B7F88 /* Sources */,
				12FFB0E726FF4D10002B7F88 /* Frameworks */,
				12FFB0E826FF4D10002B7F88 /* Resources */,
			);
			buildRules = (
			);
			dependencies = (
				12FFB0EC26FF4D10002B7F88 /* PBXTargetDependency */,
			);
			name = MockCocoonAppTests;
			productName = MockCocoonAppTests;
			productReference = 12FFB0EA26FF4D10002B7F88 /* MockCocoonAppTests.xctest */;
			productType = "com.apple.product-type.bundle.unit-test";
		};
		12FFB0F426FF4D10002B7F88 /* MockCocoonAppUITests */ = {
			isa = PBXNativeTarget;
			buildConfigurationList = 12FFB10426FF4D10002B7F88 /* Build configuration list for PBXNativeTarget "MockCocoonAppUITests" */;
			buildPhases = (
				12FFB0F126FF4D10002B7F88 /* Sources */,
				12FFB0F226FF4D10002B7F88 /* Frameworks */,
				12FFB0F326FF4D10002B7F88 /* Resources */,
			);
			buildRules = (
			);
			dependencies = (
				12FFB0F726FF4D10002B7F88 /* PBXTargetDependency */,
			);
			name = MockCocoonAppUITests;
			productName = MockCocoonAppUITests;
			productReference = 12FFB0F526FF4D10002B7F88 /* MockCocoonAppUITests.xctest */;
			productType = "com.apple.product-type.bundle.ui-testing";
		};
/* End PBXNativeTarget section */

/* Begin PBXProject section */
		12FFB0CC26FF4D0F002B7F88 /* Project object */ = {
			isa = PBXProject;
			attributes = {
				LastSwiftUpdateCheck = 1240;
				LastUpgradeCheck = 1240;
				TargetAttributes = {
					12FFB0D326FF4D0F002B7F88 = {
						CreatedOnToolsVersion = 12.4;
					};
					12FFB0E926FF4D10002B7F88 = {
						CreatedOnToolsVersion = 12.4;
						TestTargetID = 12FFB0D326FF4D0F002B7F88;
					};
					12FFB0F426FF4D10002B7F88 = {
						CreatedOnToolsVersion = 12.4;
						TestTargetID = 12FFB0D326FF4D0F002B7F88;
					};
				};
			};
			buildConfigurationList = 12FFB0CF26FF4D0F002B7F88 /* Build configuration list for PBXProject "MockCocoonApp" */;
			compatibilityVersion = "Xcode 9.3";
			developmentRegion = en;
			hasScannedForEncodings = 0;
			knownRegions = (
				en,
				Base,
			);
			mainGroup = 12FFB0CB26FF4D0F002B7F88;
			productRefGroup = 12FFB0D526FF4D0F002B7F88 /* Products */;
			projectDirPath = "";
			projectRoot = "";
			targets = (
				12FFB0D326FF4D0F002B7F88 /* MockCocoonApp */,
				12FFB0E926FF4D10002B7F88 /* MockCocoonAppTests */,
				12FFB0F426FF4D10002B7F88 /* MockCocoonAppUITests */,
			);
		};
/* End PBXProject section */

/* Begin PBXResourcesBuildPhase section */
		12FFB0D226FF4D0F002B7F88 /* Resources */ = {
			isa = PBXResourcesBuildPhase;
			buildActionMask = 2147483647;
			files = (
				12FFB0E426FF4D10002B7F88 /* LaunchScreen.storyboard in Resources */,
				12FFB0E126FF4D10002B7F88 /* Assets.xcassets in Resources */,
				12FFB0DF26FF4D0F002B7F88 /* Main.storyboard in Resources */,
			);
			runOnlyForDeploymentPostprocessing = 0;
		};
		12FFB0E826FF4D10002B7F88 /* Resources */ = {
			isa = PBXResourcesBuildPhase;
			buildActionMask = 2147483647;
			files = (
			);
			runOnlyForDeploymentPostprocessing = 0;
		};
		12FFB0F326FF4D10002B7F88 /* Resources */ = {
			isa = PBXResourcesBuildPhase;
			buildActionMask = 2147483647;
			files = (
			);
			runOnlyForDeploymentPostprocessing = 0;
		};
/* End PBXResourcesBuildPhase section */

/* Begin PBXSourcesBuildPhase section */
		12FFB0D026FF4D0F002B7F88 /* Sources */ = {
			isa = PBXSourcesBuildPhase;
			buildActionMask = 2147483647;
			files = (
				12FFB0DC26FF4D0F002B7F88 /* ViewController.swift in Sources */,
				12FFB0D826FF4D0F002B7F88 /* AppDelegate.swift in Sources */,
				12FFB0DA26FF4D0F002B7F88 /* SceneDelegate.swift in Sources */,
			);
			runOnlyForDeploymentPostprocessing = 0;
		};
		12FFB0E626FF4D10002B7F88 /* Sources */ = {
			isa = PBXSourcesBuildPhase;
			buildActionMask = 2147483647;
			files = (
				12FFB0EF26FF4D10002B7F88 /* MockCocoonAppTests.swift in Sources */,
			);
			runOnlyForDeploymentPostprocessing = 0;
		};
		12FFB0F126FF4D10002B7F88 /* Sources */ = {
			isa = PBXSourcesBuildPhase;
			buildActionMask = 2147483647;
			files = (
				12FFB0FA26FF4D10002B7F88 /* MockCocoonAppUITests.swift in Sources */,
			);
			runOnlyForDeploymentPostprocessing = 0;
		};
/* End PBXSourcesBuildPhase section */

/* Begin PBXTargetDependency section */
		12FFB0EC26FF4D10002B7F88 /* PBXTargetDependency */ = {
			isa = PBXTargetDependency;
			target = 12FFB0D326FF4D0F002B7F88 /* MockCocoonApp */;
			targetProxy = 12FFB0EB26FF4D10002B7F88 /* PBXContainerItemProxy */;
		};
		12FFB0F726FF4D10002B7F88 /* PBXTargetDependency */ = {
			isa = PBXTargetDependency;
			target = 12FFB0D326FF4D0F002B7F88 /* MockCocoonApp */;
			targetProxy = 12FFB0F626FF4D10002B7F88 /* PBXContainerItemProxy */;
		};
/* End PBXTargetDependency section */

/* Begin PBXVariantGroup section */
		12FFB0DD26FF4D0F002B7F88 /* Main.storyboard */ = {
			isa = PBXVariantGroup;
			children = (
				12FFB0DE26FF4D0F002B7F88 /* Base */,
			);
			name = Main.storyboard;
			sourceTree = "<group>";
		};
		12FFB0E226FF4D10002B7F88 /* LaunchScreen.storyboard */ = {
			isa = PBXVariantGroup;
			children = (
				12FFB0E326FF4D10002B7F88 /* Base */,
			);
			name = LaunchScreen.storyboard;
			sourceTree = "<group>";
		};
/* End PBXVariantGroup section */

/* Begin XCBuildConfiguration section */
		12FFB0FC26FF4D10002B7F88 /* Debug */ = {
			isa = XCBuildConfiguration;
			buildSettings = {
				ALWAYS_SEARCH_USER_PATHS = NO;
				CLANG_ANALYZER_NONNULL = YES;
				CLANG_ANALYZER_NUMBER_OBJECT_CONVERSION = YES_AGGRESSIVE;
				CLANG_CXX_LANGUAGE_STANDARD = "gnu++14";
				CLANG_CXX_LIBRARY = "libc++";
				CLANG_ENABLE_MODULES = YES;
				CLANG_ENABLE_OBJC_ARC = YES;
				CLANG_ENABLE_OBJC_WEAK = YES;
				CLANG_WARN_BLOCK_CAPTURE_AUTORELEASING = YES;
				CLANG_WARN_BOOL_CONVERSION = YES;
				CLANG_WARN_COMMA = YES;
				CLANG_WARN_CONSTANT_CONVERSION = YES;
				CLANG_WARN_DEPRECATED_OBJC_IMPLEMENTATIONS = YES;
				CLANG_WARN_DIRECT_OBJC_ISA_USAGE = YES_ERROR;
				CLANG_WARN_DOCUMENTATION_COMMENTS = YES;
				CLANG_WARN_EMPTY_BODY = YES;
				CLANG_WARN_ENUM_CONVERSION = YES;
				CLANG_WARN_INFINITE_RECURSION = YES;
				CLANG_WARN_INT_CONVERSION = YES;
				CLANG_WARN_NON_LITERAL_NULL_CONVERSION = YES;
				CLANG_WARN_OBJC_IMPLICIT_RETAIN_SELF = YES;
				CLANG_WARN_OBJC_LITERAL_CONVERSION = YES;
				CLANG_WARN_OBJC_ROOT_CLASS = YES_ERROR;
				CLANG_WARN_QUOTED_INCLUDE_IN_FRAMEWORK_HEADER = YES;
				CLANG_WARN_RANGE_LOOP_ANALYSIS = YES;
				CLANG_WARN_STRICT_PROTOTYPES = YES;
				CLANG_WARN_SUSPICIOUS_MOVE = YES;
				CLANG_WARN_UNGUARDED_AVAILABILITY = YES_AGGRESSIVE;
				CLANG_WARN_UNREACHABLE_CODE = YES;
				CLANG_WARN__DUPLICATE_METHOD_MATCH = YES;
				COPY_PHASE_STRIP = NO;
				DEBUG_INFORMATION_FORMAT = dwarf;
				ENABLE_STRICT_OBJC_MSGSEND = YES;
				ENABLE_TESTABILITY = YES;
				GCC_C_LANGUAGE_STANDARD = gnu11;
				GCC_DYNAMIC_NO_PIC = NO;
				GCC_NO_COMMON_BLOCKS = YES;
				GCC_OPTIMIZATION_LEVEL = 0;
				GCC_PREPROCESSOR_DEFINITIONS = (
					"DEBUG=1",
					"$(inherited)",
				);
				GCC_WARN_64_TO_32_BIT_CONVERSION = YES;
				GCC_WARN_ABOUT_RETURN_TYPE = YES_ERROR;
				GCC_WARN_UNDECLARED_SELECTOR = YES;
				GCC_WARN_UNINITIALIZED_AUTOS = YES_AGGRESSIVE;
				GCC_WARN_UNUSED_FUNCTION = YES;
				GCC_WARN_UNUSED_VARIABLE = YES;
				IPHONEOS_DEPLOYMENT_TARGET = 14.4;
				MTL_ENABLE_DEBUG_INFO = INCLUDE_SOURCE;
				MTL_FAST_MATH = YES;
				ONLY_ACTIVE_ARCH = YES;
				SDKROOT = iphoneos;
				SWIFT_ACTIVE_COMPILATION_CONDITIONS = DEBUG;
				SWIFT_OPTIMIZATION_LEVEL = "-Onone";
			};
			name = Debug;
		};
		12FFB0FD26FF4D10002B7F88 /* Release */ = {
			isa = XCBuildConfiguration;
			buildSettings = {
				ALWAYS_SEARCH_USER_PATHS = NO;
				CLANG_ANALYZER_NONNULL = YES;
				CLANG_ANALYZER_NUMBER_OBJECT_CONVERSION = YES_AGGRESSIVE;
				CLANG_CXX_LANGUAGE_STANDARD = "gnu++14";
				CLANG_CXX_LIBRARY = "libc++";
				CLANG_ENABLE_MODULES = YES;
				CLANG_ENABLE_OBJC_ARC = YES;
				CLANG_ENABLE_OBJC_WEAK = YES;
				CLANG_WARN_BLOCK_CAPTURE_AUTORELEASING = YES;
				CLANG_WARN_BOOL_CONVERSION = YES;
				CLANG_WARN_COMMA = YES;
				CLANG_WARN_CONSTANT_CONVERSION = YES;
				CLANG_WARN_DEPRECATED_OBJC_IMPLEMENTATIONS = YES;
				CLANG_WARN_DIRECT_OBJC_ISA_USAGE = YES_ERROR;
				CLANG_WARN_DOCUMENTATION_COMMENTS = YES;
				CLANG_WARN_EMPTY_BODY = YES;
				CLANG_WARN_ENUM_CONVERSION = YES;
				CLANG_WARN_INFINITE_RECURSION = YES;
				CLANG_WARN_INT_CONVERSION = YES;
				CLANG_WARN_NON_LITERAL_NULL_CONVERSION = YES;
				CLANG_WARN_OBJC_IMPLICIT_RETAIN_SELF = YES;
				CLANG_WARN_OBJC_LITERAL_CONVERSION = YES;
				CLANG_WARN_OBJC_ROOT_CLASS = YES_ERROR;
				CLANG_WARN_QUOTED_INCLUDE_IN_FRAMEWORK_HEADER = YES;
				CLANG_WARN_RANGE_LOOP_ANALYSIS = YES;
				CLANG_WARN_STRICT_PROTOTYPES = YES;
				CLANG_WARN_SUSPICIOUS_MOVE = YES;
				CLANG_WARN_UNGUARDED_AVAILABILITY = YES_AGGRESSIVE;
				CLANG_WARN_UNREACHABLE_CODE = YES;
				CLANG_WARN__DUPLICATE_METHOD_MATCH = YES;
				COPY_PHASE_STRIP = NO;
				DEBUG_INFORMATION_FORMAT = "dwarf-with-dsym";
				ENABLE_NS_ASSERTIONS = NO;
				ENABLE_STRICT_OBJC_MSGSEND = YES;
				GCC_C_LANGUAGE_STANDARD = gnu11;
				GCC_NO_COMMON_BLOCKS = YES;
				GCC_WARN_64_TO_32_BIT_CONVERSION = YES;
				GCC_WARN_ABOUT_RETURN_TYPE = YES_ERROR;
				GCC_WARN_UNDECLARED_SELECTOR = YES;
				GCC_WARN_UNINITIALIZED_AUTOS = YES_AGGRESSIVE;
				GCC_WARN_UNUSED_FUNCTION = YES;
				GCC_WARN_UNUSED_VARIABLE = YES;
				IPHONEOS_DEPLOYMENT_TARGET = 14.4;
				MTL_ENABLE_DEBUG_INFO = NO;
				MTL_FAST_MATH = YES;
				SDKROOT = iphoneos;
				SWIFT_COMPILATION_MODE = wholemodule;
				SWIFT_OPTIMIZATION_LEVEL = "-O";
				VALIDATE_PRODUCT = YES;
			};
			name = Release;
		};
		12FFB0FF26FF4D10002B7F88 /* Debug */ = {
			isa = XCBuildConfiguration;
			buildSettings = {
				ASSETCATALOG_COMPILER_APPICON_NAME = AppIcon;
				ASSETCATALOG_COMPILER_GLOBAL_ACCENT_COLOR_NAME = AccentColor;
				CODE_SIGN_STYLE = Automatic;
				INFOPLIST_FILE = MockCocoonApp/Info.plist;
				LD_RUNPATH_SEARCH_PATHS = (
					"$(inherited)",
					"@executable_path/Frameworks",
				);
				PRODUCT_BUNDLE_IDENTIFIER = "Kaito-Arai.MockCocoonApp";
				PRODUCT_NAME = "$(TARGET_NAME)";
				SWIFT_VERSION = 5.0;
				TARGETED_DEVICE_FAMILY = "1,2";
			};
			name = Debug;
		};
		12FFB10026FF4D10002B7F88 /* Release */ = {
			isa = XCBuildConfiguration;
			buildSettings = {
				ASSETCATALOG_COMPILER_APPICON_NAME = AppIcon;
				ASSETCATALOG_COMPILER_GLOBAL_ACCENT_COLOR_NAME = AccentColor;
				CODE_SIGN_STYLE = Automatic;
				INFOPLIST_FILE = MockCocoonApp/Info.plist;
				LD_RUNPATH_SEARCH_PATHS = (
					"$(inherited)",
					"@executable_path/Frameworks",
				);
				PRODUCT_BUNDLE_IDENTIFIER = "Kaito-Arai.MockCocoonApp";
				PRODUCT_NAME = "$(TARGET_NAME)";
				SWIFT_VERSION = 5.0;
				TARGETED_DEVICE_FAMILY = "1,2";
			};
			name = Release;
		};
		12FFB10226FF4D10002B7F88 /* Debug */ = {
			isa = XCBuildConfiguration;
			buildSettings = {
				ALWAYS_EMBED_SWIFT_STANDARD_LIBRARIES = YES;
				BUNDLE_LOADER = "$(TEST_HOST)";
				CODE_SIGN_STYLE = Automatic;
				INFOPLIST_FILE = MockCocoonAppTests/Info.plist;
				IPHONEOS_DEPLOYMENT_TARGET = 14.4;
				LD_RUNPATH_SEARCH_PATHS = (
					"$(inherited)",
					"@executable_path/Frameworks",
					"@loader_path/Frameworks",
				);
				PRODUCT_BUNDLE_IDENTIFIER = "Kaito-Arai.MockCocoonAppTests";
				PRODUCT_NAME = "$(TARGET_NAME)";
				SWIFT_VERSION = 5.0;
				TARGETED_DEVICE_FAMILY = "1,2";
				TEST_HOST = "$(BUILT_PRODUCTS_DIR)/MockCocoonApp.app/MockCocoonApp";
			};
			name = Debug;
		};
		12FFB10326FF4D10002B7F88 /* Release */ = {
			isa = XCBuildConfiguration;
			buildSettings = {
				ALWAYS_EMBED_SWIFT_STANDARD_LIBRARIES = YES;
				BUNDLE_LOADER = "$(TEST_HOST)";
				CODE_SIGN_STYLE = Automatic;
				INFOPLIST_FILE = MockCocoonAppTests/Info.plist;
				IPHONEOS_DEPLOYMENT_TARGET = 14.4;
				LD_RUNPATH_SEARCH_PATHS = (
					"$(inherited)",
					"@executable_path/Frameworks",
					"@loader_path/Frameworks",
				);
				PRODUCT_BUNDLE_IDENTIFIER = "Kaito-Arai.MockCocoonAppTests";
				PRODUCT_NAME = "$(TARGET_NAME)";
				SWIFT_VERSION = 5.0;
				TARGETED_DEVICE_FAMILY = "1,2";
				TEST_HOST = "$(BUILT_PRODUCTS_DIR)/MockCocoonApp.app/MockCocoonApp";
			};
			name = Release;
		};
		12FFB10526FF4D10002B7F88 /* Debug */ = {
			isa = XCBuildConfiguration;
			buildSettings = {
				ALWAYS_EMBED_SWIFT_STANDARD_LIBRARIES = YES;
				CODE_SIGN_STYLE = Automatic;
				INFOPLIST_FILE = MockCocoonAppUITests/Info.plist;
				LD_RUNPATH_SEARCH_PATHS = (
					"$(inherited)",
					"@executable_path/Frameworks",
					"@loader_path/Frameworks",
				);
				PRODUCT_BUNDLE_IDENTIFIER = "Kaito-Arai.MockCocoonAppUITests";
				PRODUCT_NAME = "$(TARGET_NAME)";
				SWIFT_VERSION = 5.0;
				TARGETED_DEVICE_FAMILY = "1,2";
				TEST_TARGET_NAME = MockCocoonApp;
			};
			name = Debug;
		};
		12FFB10626FF4D10002B7F88 /* Release */ = {
			isa = XCBuildConfiguration;
			buildSettings = {
				ALWAYS_EMBED_SWIFT_STANDARD_LIBRARIES = YES;
				CODE_SIGN_STYLE = Automatic;
				INFOPLIST_FILE = MockCocoonAppUITests/Info.plist;
				LD_RUNPATH_SEARCH_PATHS = (
					"$(inherited)",
					"@executable_path/Frameworks",
					"@loader_path/Frameworks",
				);
				PRODUCT_BUNDLE_IDENTIFIER = "Kaito-Arai.MockCocoonAppUITests";
				PRODUCT_NAME = "$(TARGET_NAME)";
				SWIFT_VERSION = 5.0;
				TARGETED_DEVICE_FAMILY = "1,2";
				TEST_TARGET_NAME = MockCocoonApp;
			};
			name = Release;
		};
/* End XCBuildConfiguration section */

/* Begin XCConfigurationList section */
		12FFB0CF26FF4D0F002B7F88 /* Build configuration list for PBXProject "MockCocoonApp" */ = {
			isa = XCConfigurationList;
			buildConfigurations = (
				12FFB0FC26FF4D10002B7F88 /* Debug */,
				12FFB0FD26FF4D10002B7F88 /* Release */,
			);
			defaultConfigurationIsVisible = 0;
			defaultConfigurationName = Release;
		};
		12FFB0FE26FF4D10002B7F88 /* Build configuration list for PBXNativeTarget "MockCocoonApp" */ = {
			isa = XCConfigurationList;
			buildConfigurations = (
				12FFB0FF26FF4D10002B7F88 /* Debug */,
				12FFB10026FF4D10002B7F88 /* Release */,
			);
			defaultConfigurationIsVisible = 0;
			defaultConfigurationName = Release;
		};
		12FFB10126FF4D10002B7F88 /* Build configuration list for PBXNativeTarget "MockCocoonAppTests" */ = {
			isa = XCConfigurationList;
			buildConfigurations = (
				12FFB10226FF4D10002B7F88 /* Debug */,
				12FFB10326FF4D10002B7F88 /* Release */,
			);
			defaultConfigurationIsVisible = 0;
			defaultConfigurationName = Release;
		};
		12FFB10426FF4D10002B7F88 /* Build configuration list for PBXNativeTarget "MockCocoonAppUITests" */ = {
			isa = XCConfigurationList;
			buildConfigurations = (
				12FFB10526FF4D10002B7F88 /* Debug */,
				12FFB10626FF4D10002B7F88 /* Release */,
			);
			defaultConfigurationIsVisible = 0;
			defaultConfigurationName = Release;
		};
/* End XCConfigurationList section */
	};
	rootObject = 12FFB0CC26FF4D0F002B7F88 /* Project object */;
}
