// !$*UTF8*$!
{
	archiveVersion = 1;
	classes = {
	};
	objectVersion = 50;
	objects = {

/* Begin PBXBuildFile section */
		12A863FB27154EB100B67D20 /* AppDelegate.swift in Sources */ = {isa = PBXBuildFile; fileRef = 12A863FA27154EB100B67D20 /* AppDelegate.swift */; };
		12A863FD27154EB100B67D20 /* SceneDelegate.swift in Sources */ = {isa = PBXBuildFile; fileRef = 12A863FC27154EB100B67D20 /* SceneDelegate.swift */; };
		12A863FF27154EB100B67D20 /* ViewController.swift in Sources */ = {isa = PBXBuildFile; fileRef = 12A863FE27154EB100B67D20 /* ViewController.swift */; };
		12A8640227154EB100B67D20 /* Main.storyboard in Resources */ = {isa = PBXBuildFile; fileRef = 12A8640027154EB100B67D20 /* Main.storyboard */; };
		12A8640427154EB200B67D20 /* Assets.xcassets in Resources */ = {isa = PBXBuildFile; fileRef = 12A8640327154EB200B67D20 /* Assets.xcassets */; };
		12A8640727154EB200B67D20 /* LaunchScreen.storyboard in Resources */ = {isa = PBXBuildFile; fileRef = 12A8640527154EB200B67D20 /* LaunchScreen.storyboard */; };
		12A8641227154EB200B67D20 /* MockInvestAppTests.swift in Sources */ = {isa = PBXBuildFile; fileRef = 12A8641127154EB200B67D20 /* MockInvestAppTests.swift */; };
		12A8641D27154EB200B67D20 /* MockInvestAppUITests.swift in Sources */ = {isa = PBXBuildFile; fileRef = 12A8641C27154EB200B67D20 /* MockInvestAppUITests.swift */; };
		12A8642F271550D900B67D20 /* CollectionViewCell.swift in Sources */ = {isa = PBXBuildFile; fileRef = 12A8642D271550D900B67D20 /* CollectionViewCell.swift */; };
		12A86430271550D900B67D20 /* CollectionViewCell.xib in Resources */ = {isa = PBXBuildFile; fileRef = 12A8642E271550D900B67D20 /* CollectionViewCell.xib */; };
/* End PBXBuildFile section */

/* Begin PBXContainerItemProxy section */
		12A8640E27154EB200B67D20 /* PBXContainerItemProxy */ = {
			isa = PBXContainerItemProxy;
			containerPortal = 12A863EF27154EB100B67D20 /* Project object */;
			proxyType = 1;
			remoteGlobalIDString = 12A863F627154EB100B67D20;
			remoteInfo = MockInvestApp;
		};
		12A8641927154EB200B67D20 /* PBXContainerItemProxy */ = {
			isa = PBXContainerItemProxy;
			containerPortal = 12A863EF27154EB100B67D20 /* Project object */;
			proxyType = 1;
			remoteGlobalIDString = 12A863F627154EB100B67D20;
			remoteInfo = MockInvestApp;
		};
/* End PBXContainerItemProxy section */

/* Begin PBXFileReference section */
		12A863F727154EB100B67D20 /* MockInvestApp.app */ = {isa = PBXFileReference; explicitFileType = wrapper.application; includeInIndex = 0; path = MockInvestApp.app; sourceTree = BUILT_PRODUCTS_DIR; };
		12A863FA27154EB100B67D20 /* AppDelegate.swift */ = {isa = PBXFileReference; lastKnownFileType = sourcecode.swift; path = AppDelegate.swift; sourceTree = "<group>"; };
		12A863FC27154EB100B67D20 /* SceneDelegate.swift */ = {isa = PBXFileReference; lastKnownFileType = sourcecode.swift; path = SceneDelegate.swift; sourceTree = "<group>"; };
		12A863FE27154EB100B67D20 /* ViewController.swift */ = {isa = PBXFileReference; lastKnownFileType = sourcecode.swift; path = ViewController.swift; sourceTree = "<group>"; };
		12A8640127154EB100B67D20 /* Base */ = {isa = PBXFileReference; lastKnownFileType = file.storyboard; name = Base; path = Base.lproj/Main.storyboard; sourceTree = "<group>"; };
		12A8640327154EB200B67D20 /* Assets.xcassets */ = {isa = PBXFileReference; lastKnownFileType = folder.assetcatalog; path = Assets.xcassets; sourceTree = "<group>"; };
		12A8640627154EB200B67D20 /* Base */ = {isa = PBXFileReference; lastKnownFileType = file.storyboard; name = Base; path = Base.lproj/LaunchScreen.storyboard; sourceTree = "<group>"; };
		12A8640827154EB200B67D20 /* Info.plist */ = {isa = PBXFileReference; lastKnownFileType = text.plist.xml; path = Info.plist; sourceTree = "<group>"; };
		12A8640D27154EB200B67D20 /* MockInvestAppTests.xctest */ = {isa = PBXFileReference; explicitFileType = wrapper.cfbundle; includeInIndex = 0; path = MockInvestAppTests.xctest; sourceTree = BUILT_PRODUCTS_DIR; };
		12A8641127154EB200B67D20 /* MockInvestAppTests.swift */ = {isa = PBXFileReference; lastKnownFileType = sourcecode.swift; path = MockInvestAppTests.swift; sourceTree = "<group>"; };
		12A8641327154EB200B67D20 /* Info.plist */ = {isa = PBXFileReference; lastKnownFileType = text.plist.xml; path = Info.plist; sourceTree = "<group>"; };
		12A8641827154EB200B67D20 /* MockInvestAppUITests.xctest */ = {isa = PBXFileReference; explicitFileType = wrapper.cfbundle; includeInIndex = 0; path = MockInvestAppUITests.xctest; sourceTree = BUILT_PRODUCTS_DIR; };
		12A8641C27154EB200B67D20 /* MockInvestAppUITests.swift */ = {isa = PBXFileReference; lastKnownFileType = sourcecode.swift; path = MockInvestAppUITests.swift; sourceTree = "<group>"; };
		12A8641E27154EB200B67D20 /* Info.plist */ = {isa = PBXFileReference; lastKnownFileType = text.plist.xml; path = Info.plist; sourceTree = "<group>"; };
		12A8642D271550D900B67D20 /* CollectionViewCell.swift */ = {isa = PBXFileReference; lastKnownFileType = sourcecode.swift; path = CollectionViewCell.swift; sourceTree = "<group>"; };
		12A8642E271550D900B67D20 /* CollectionViewCell.xib */ = {isa = PBXFileReference; lastKnownFileType = file.xib; path = CollectionViewCell.xib; sourceTree = "<group>"; };
/* End PBXFileReference section */

/* Begin PBXFrameworksBuildPhase section */
		12A863F427154EB100B67D20 /* Frameworks */ = {
			isa = PBXFrameworksBuildPhase;
			buildActionMask = 2147483647;
			files = (
			);
			runOnlyForDeploymentPostprocessing = 0;
		};
		12A8640A27154EB200B67D20 /* Frameworks */ = {
			isa = PBXFrameworksBuildPhase;
			buildActionMask = 2147483647;
			files = (
			);
			runOnlyForDeploymentPostprocessing = 0;
		};
		12A8641527154EB200B67D20 /* Frameworks */ = {
			isa = PBXFrameworksBuildPhase;
			buildActionMask = 2147483647;
			files = (
			);
			runOnlyForDeploymentPostprocessing = 0;
		};
/* End PBXFrameworksBuildPhase section */

/* Begin PBXGroup section */
		12A863EE27154EB100B67D20 = {
			isa = PBXGroup;
			children = (
				12A863F927154EB100B67D20 /* MockInvestApp */,
				12A8641027154EB200B67D20 /* MockInvestAppTests */,
				12A8641B27154EB200B67D20 /* MockInvestAppUITests */,
				12A863F827154EB100B67D20 /* Products */,
			);
			sourceTree = "<group>";
		};
		12A863F827154EB100B67D20 /* Products */ = {
			isa = PBXGroup;
			children = (
				12A863F727154EB100B67D20 /* MockInvestApp.app */,
				12A8640D27154EB200B67D20 /* MockInvestAppTests.xctest */,
				12A8641827154EB200B67D20 /* MockInvestAppUITests.xctest */,
			);
			name = Products;
			sourceTree = "<group>";
		};
		12A863F927154EB100B67D20 /* MockInvestApp */ = {
			isa = PBXGroup;
			children = (
				12A863FA27154EB100B67D20 /* AppDelegate.swift */,
				12A863FC27154EB100B67D20 /* SceneDelegate.swift */,
				12A863FE27154EB100B67D20 /* ViewController.swift */,
				12A8640027154EB100B67D20 /* Main.storyboard */,
				12A8642D271550D900B67D20 /* CollectionViewCell.swift */,
				12A8642E271550D900B67D20 /* CollectionViewCell.xib */,
				12A8640327154EB200B67D20 /* Assets.xcassets */,
				12A8640527154EB200B67D20 /* LaunchScreen.storyboard */,
				12A8640827154EB200B67D20 /* Info.plist */,
			);
			path = MockInvestApp;
			sourceTree = "<group>";
		};
		12A8641027154EB200B67D20 /* MockInvestAppTests */ = {
			isa = PBXGroup;
			children = (
				12A8641127154EB200B67D20 /* MockInvestAppTests.swift */,
				12A8641327154EB200B67D20 /* Info.plist */,
			);
			path = MockInvestAppTests;
			sourceTree = "<group>";
		};
		12A8641B27154EB200B67D20 /* MockInvestAppUITests */ = {
			isa = PBXGroup;
			children = (
				12A8641C27154EB200B67D20 /* MockInvestAppUITests.swift */,
				12A8641E27154EB200B67D20 /* Info.plist */,
			);
			path = MockInvestAppUITests;
			sourceTree = "<group>";
		};
/* End PBXGroup section */

/* Begin PBXNativeTarget section */
		12A863F627154EB100B67D20 /* MockInvestApp */ = {
			isa = PBXNativeTarget;
			buildConfigurationList = 12A8642127154EB200B67D20 /* Build configuration list for PBXNativeTarget "MockInvestApp" */;
			buildPhases = (
				12A863F327154EB100B67D20 /* Sources */,
				12A863F427154EB100B67D20 /* Frameworks */,
				12A863F527154EB100B67D20 /* Resources */,
			);
			buildRules = (
			);
			dependencies = (
			);
			name = MockInvestApp;
			productName = MockInvestApp;
			productReference = 12A863F727154EB100B67D20 /* MockInvestApp.app */;
			productType = "com.apple.product-type.application";
		};
		12A8640C27154EB200B67D20 /* MockInvestAppTests */ = {
			isa = PBXNativeTarget;
			buildConfigurationList = 12A8642427154EB200B67D20 /* Build configuration list for PBXNativeTarget "MockInvestAppTests" */;
			buildPhases = (
				12A8640927154EB200B67D20 /* Sources */,
				12A8640A27154EB200B67D20 /* Frameworks */,
				12A8640B27154EB200B67D20 /* Resources */,
			);
			buildRules = (
			);
			dependencies = (
				12A8640F27154EB200B67D20 /* PBXTargetDependency */,
			);
			name = MockInvestAppTests;
			productName = MockInvestAppTests;
			productReference = 12A8640D27154EB200B67D20 /* MockInvestAppTests.xctest */;
			productType = "com.apple.product-type.bundle.unit-test";
		};
		12A8641727154EB200B67D20 /* MockInvestAppUITests */ = {
			isa = PBXNativeTarget;
			buildConfigurationList = 12A8642727154EB200B67D20 /* Build configuration list for PBXNativeTarget "MockInvestAppUITests" */;
			buildPhases = (
				12A8641427154EB200B67D20 /* Sources */,
				12A8641527154EB200B67D20 /* Frameworks */,
				12A8641627154EB200B67D20 /* Resources */,
			);
			buildRules = (
			);
			dependencies = (
				12A8641A27154EB200B67D20 /* PBXTargetDependency */,
			);
			name = MockInvestAppUITests;
			productName = MockInvestAppUITests;
			productReference = 12A8641827154EB200B67D20 /* MockInvestAppUITests.xctest */;
			productType = "com.apple.product-type.bundle.ui-testing";
		};
/* End PBXNativeTarget section */

/* Begin PBXProject section */
		12A863EF27154EB100B67D20 /* Project object */ = {
			isa = PBXProject;
			attributes = {
				LastSwiftUpdateCheck = 1240;
				LastUpgradeCheck = 1240;
				TargetAttributes = {
					12A863F627154EB100B67D20 = {
						CreatedOnToolsVersion = 12.4;
					};
					12A8640C27154EB200B67D20 = {
						CreatedOnToolsVersion = 12.4;
						TestTargetID = 12A863F627154EB100B67D20;
					};
					12A8641727154EB200B67D20 = {
						CreatedOnToolsVersion = 12.4;
						TestTargetID = 12A863F627154EB100B67D20;
					};
				};
			};
			buildConfigurationList = 12A863F227154EB100B67D20 /* Build configuration list for PBXProject "MockInvestApp" */;
			compatibilityVersion = "Xcode 9.3";
			developmentRegion = en;
			hasScannedForEncodings = 0;
			knownRegions = (
				en,
				Base,
			);
			mainGroup = 12A863EE27154EB100B67D20;
			productRefGroup = 12A863F827154EB100B67D20 /* Products */;
			projectDirPath = "";
			projectRoot = "";
			targets = (
				12A863F627154EB100B67D20 /* MockInvestApp */,
				12A8640C27154EB200B67D20 /* MockInvestAppTests */,
				12A8641727154EB200B67D20 /* MockInvestAppUITests */,
			);
		};
/* End PBXProject section */

/* Begin PBXResourcesBuildPhase section */
		12A863F527154EB100B67D20 /* Resources */ = {
			isa = PBXResourcesBuildPhase;
			buildActionMask = 2147483647;
			files = (
				12A8640727154EB200B67D20 /* LaunchScreen.storyboard in Resources */,
				12A8640427154EB200B67D20 /* Assets.xcassets in Resources */,
				12A86430271550D900B67D20 /* CollectionViewCell.xib in Resources */,
				12A8640227154EB100B67D20 /* Main.storyboard in Resources */,
			);
			runOnlyForDeploymentPostprocessing = 0;
		};
		12A8640B27154EB200B67D20 /* Resources */ = {
			isa = PBXResourcesBuildPhase;
			buildActionMask = 2147483647;
			files = (
			);
			runOnlyForDeploymentPostprocessing = 0;
		};
		12A8641627154EB200B67D20 /* Resources */ = {
			isa = PBXResourcesBuildPhase;
			buildActionMask = 2147483647;
			files = (
			);
			runOnlyForDeploymentPostprocessing = 0;
		};
/* End PBXResourcesBuildPhase section */

/* Begin PBXSourcesBuildPhase section */
		12A863F327154EB100B67D20 /* Sources */ = {
			isa = PBXSourcesBuildPhase;
			buildActionMask = 2147483647;
			files = (
				12A863FF27154EB100B67D20 /* ViewController.swift in Sources */,
				12A863FB27154EB100B67D20 /* AppDelegate.swift in Sources */,
				12A8642F271550D900B67D20 /* CollectionViewCell.swift in Sources */,
				12A863FD27154EB100B67D20 /* SceneDelegate.swift in Sources */,
			);
			runOnlyForDeploymentPostprocessing = 0;
		};
		12A8640927154EB200B67D20 /* Sources */ = {
			isa = PBXSourcesBuildPhase;
			buildActionMask = 2147483647;
			files = (
				12A8641227154EB200B67D20 /* MockInvestAppTests.swift in Sources */,
			);
			runOnlyForDeploymentPostprocessing = 0;
		};
		12A8641427154EB200B67D20 /* Sources */ = {
			isa = PBXSourcesBuildPhase;
			buildActionMask = 2147483647;
			files = (
				12A8641D27154EB200B67D20 /* MockInvestAppUITests.swift in Sources */,
			);
			runOnlyForDeploymentPostprocessing = 0;
		};
/* End PBXSourcesBuildPhase section */

/* Begin PBXTargetDependency section */
		12A8640F27154EB200B67D20 /* PBXTargetDependency */ = {
			isa = PBXTargetDependency;
			target = 12A863F627154EB100B67D20 /* MockInvestApp */;
			targetProxy = 12A8640E27154EB200B67D20 /* PBXContainerItemProxy */;
		};
		12A8641A27154EB200B67D20 /* PBXTargetDependency */ = {
			isa = PBXTargetDependency;
			target = 12A863F627154EB100B67D20 /* MockInvestApp */;
			targetProxy = 12A8641927154EB200B67D20 /* PBXContainerItemProxy */;
		};
/* End PBXTargetDependency section */

/* Begin PBXVariantGroup section */
		12A8640027154EB100B67D20 /* Main.storyboard */ = {
			isa = PBXVariantGroup;
			children = (
				12A8640127154EB100B67D20 /* Base */,
			);
			name = Main.storyboard;
			sourceTree = "<group>";
		};
		12A8640527154EB200B67D20 /* LaunchScreen.storyboard */ = {
			isa = PBXVariantGroup;
			children = (
				12A8640627154EB200B67D20 /* Base */,
			);
			name = LaunchScreen.storyboard;
			sourceTree = "<group>";
		};
/* End PBXVariantGroup section */

/* Begin XCBuildConfiguration section */
		12A8641F27154EB200B67D20 /* Debug */ = {
			isa = XCBuildConfiguration;
			buildSettings = {
				ALWAYS_SEARCH_USER_PATHS = NO;
				CLANG_ANALYZER_NONNULL = YES;
				CLANG_ANALYZER_NUMBER_OBJECT_CONVERSION = YES_AGGRESSIVE;
				CLANG_CXX_LANGUAGE_STANDARD = "gnu++14";
				CLANG_CXX_LIBRARY = "libc++";
				CLANG_ENABLE_MODULES = YES;
				CLANG_ENABLE_OBJC_ARC = YES;
				CLANG_ENABLE_OBJC_WEAK = YES;
				CLANG_WARN_BLOCK_CAPTURE_AUTORELEASING = YES;
				CLANG_WARN_BOOL_CONVERSION = YES;
				CLANG_WARN_COMMA = YES;
				CLANG_WARN_CONSTANT_CONVERSION = YES;
				CLANG_WARN_DEPRECATED_OBJC_IMPLEMENTATIONS = YES;
				CLANG_WARN_DIRECT_OBJC_ISA_USAGE = YES_ERROR;
				CLANG_WARN_DOCUMENTATION_COMMENTS = YES;
				CLANG_WARN_EMPTY_BODY = YES;
				CLANG_WARN_ENUM_CONVERSION = YES;
				CLANG_WARN_INFINITE_RECURSION = YES;
				CLANG_WARN_INT_CONVERSION = YES;
				CLANG_WARN_NON_LITERAL_NULL_CONVERSION = YES;
				CLANG_WARN_OBJC_IMPLICIT_RETAIN_SELF = YES;
				CLANG_WARN_OBJC_LITERAL_CONVERSION = YES;
				CLANG_WARN_OBJC_ROOT_CLASS = YES_ERROR;
				CLANG_WARN_QUOTED_INCLUDE_IN_FRAMEWORK_HEADER = YES;
				CLANG_WARN_RANGE_LOOP_ANALYSIS = YES;
				CLANG_WARN_STRICT_PROTOTYPES = YES;
				CLANG_WARN_SUSPICIOUS_MOVE = YES;
				CLANG_WARN_UNGUARDED_AVAILABILITY = YES_AGGRESSIVE;
				CLANG_WARN_UNREACHABLE_CODE = YES;
				CLANG_WARN__DUPLICATE_METHOD_MATCH = YES;
				COPY_PHASE_STRIP = NO;
				DEBUG_INFORMATION_FORMAT = dwarf;
				ENABLE_STRICT_OBJC_MSGSEND = YES;
				ENABLE_TESTABILITY = YES;
				GCC_C_LANGUAGE_STANDARD = gnu11;
				GCC_DYNAMIC_NO_PIC = NO;
				GCC_NO_COMMON_BLOCKS = YES;
				GCC_OPTIMIZATION_LEVEL = 0;
				GCC_PREPROCESSOR_DEFINITIONS = (
					"DEBUG=1",
					"$(inherited)",
				);
				GCC_WARN_64_TO_32_BIT_CONVERSION = YES;
				GCC_WARN_ABOUT_RETURN_TYPE = YES_ERROR;
				GCC_WARN_UNDECLARED_SELECTOR = YES;
				GCC_WARN_UNINITIALIZED_AUTOS = YES_AGGRESSIVE;
				GCC_WARN_UNUSED_FUNCTION = YES;
				GCC_WARN_UNUSED_VARIABLE = YES;
				IPHONEOS_DEPLOYMENT_TARGET = 14.4;
				MTL_ENABLE_DEBUG_INFO = INCLUDE_SOURCE;
				MTL_FAST_MATH = YES;
				ONLY_ACTIVE_ARCH = YES;
				SDKROOT = iphoneos;
				SWIFT_ACTIVE_COMPILATION_CONDITIONS = DEBUG;
				SWIFT_OPTIMIZATION_LEVEL = "-Onone";
			};
			name = Debug;
		};
		12A8642027154EB200B67D20 /* Release */ = {
			isa = XCBuildConfiguration;
			buildSettings = {
				ALWAYS_SEARCH_USER_PATHS = NO;
				CLANG_ANALYZER_NONNULL = YES;
				CLANG_ANALYZER_NUMBER_OBJECT_CONVERSION = YES_AGGRESSIVE;
				CLANG_CXX_LANGUAGE_STANDARD = "gnu++14";
				CLANG_CXX_LIBRARY = "libc++";
				CLANG_ENABLE_MODULES = YES;
				CLANG_ENABLE_OBJC_ARC = YES;
				CLANG_ENABLE_OBJC_WEAK = YES;
				CLANG_WARN_BLOCK_CAPTURE_AUTORELEASING = YES;
				CLANG_WARN_BOOL_CONVERSION = YES;
				CLANG_WARN_COMMA = YES;
				CLANG_WARN_CONSTANT_CONVERSION = YES;
				CLANG_WARN_DEPRECATED_OBJC_IMPLEMENTATIONS = YES;
				CLANG_WARN_DIRECT_OBJC_ISA_USAGE = YES_ERROR;
				CLANG_WARN_DOCUMENTATION_COMMENTS = YES;
				CLANG_WARN_EMPTY_BODY = YES;
				CLANG_WARN_ENUM_CONVERSION = YES;
				CLANG_WARN_INFINITE_RECURSION = YES;
				CLANG_WARN_INT_CONVERSION = YES;
				CLANG_WARN_NON_LITERAL_NULL_CONVERSION = YES;
				CLANG_WARN_OBJC_IMPLICIT_RETAIN_SELF = YES;
				CLANG_WARN_OBJC_LITERAL_CONVERSION = YES;
				CLANG_WARN_OBJC_ROOT_CLASS = YES_ERROR;
				CLANG_WARN_QUOTED_INCLUDE_IN_FRAMEWORK_HEADER = YES;
				CLANG_WARN_RANGE_LOOP_ANALYSIS = YES;
				CLANG_WARN_STRICT_PROTOTYPES = YES;
				CLANG_WARN_SUSPICIOUS_MOVE = YES;
				CLANG_WARN_UNGUARDED_AVAILABILITY = YES_AGGRESSIVE;
				CLANG_WARN_UNREACHABLE_CODE = YES;
				CLANG_WARN__DUPLICATE_METHOD_MATCH = YES;
				COPY_PHASE_STRIP = NO;
				DEBUG_INFORMATION_FORMAT = "dwarf-with-dsym";
				ENABLE_NS_ASSERTIONS = NO;
				ENABLE_STRICT_OBJC_MSGSEND = YES;
				GCC_C_LANGUAGE_STANDARD = gnu11;
				GCC_NO_COMMON_BLOCKS = YES;
				GCC_WARN_64_TO_32_BIT_CONVERSION = YES;
				GCC_WARN_ABOUT_RETURN_TYPE = YES_ERROR;
				GCC_WARN_UNDECLARED_SELECTOR = YES;
				GCC_WARN_UNINITIALIZED_AUTOS = YES_AGGRESSIVE;
				GCC_WARN_UNUSED_FUNCTION = YES;
				GCC_WARN_UNUSED_VARIABLE = YES;
				IPHONEOS_DEPLOYMENT_TARGET = 14.4;
				MTL_ENABLE_DEBUG_INFO = NO;
				MTL_FAST_MATH = YES;
				SDKROOT = iphoneos;
				SWIFT_COMPILATION_MODE = wholemodule;
				SWIFT_OPTIMIZATION_LEVEL = "-O";
				VALIDATE_PRODUCT = YES;
			};
			name = Release;
		};
		12A8642227154EB200B67D20 /* Debug */ = {
			isa = XCBuildConfiguration;
			buildSettings = {
				ASSETCATALOG_COMPILER_APPICON_NAME = AppIcon;
				ASSETCATALOG_COMPILER_GLOBAL_ACCENT_COLOR_NAME = AccentColor;
				CODE_SIGN_STYLE = Automatic;
				INFOPLIST_FILE = MockInvestApp/Info.plist;
				LD_RUNPATH_SEARCH_PATHS = (
					"$(inherited)",
					"@executable_path/Frameworks",
				);
				PRODUCT_BUNDLE_IDENTIFIER = "Kaito-Arai.MockInvestApp";
				PRODUCT_NAME = "$(TARGET_NAME)";
				SWIFT_VERSION = 5.0;
				TARGETED_DEVICE_FAMILY = "1,2";
			};
			name = Debug;
		};
		12A8642327154EB200B67D20 /* Release */ = {
			isa = XCBuildConfiguration;
			buildSettings = {
				ASSETCATALOG_COMPILER_APPICON_NAME = AppIcon;
				ASSETCATALOG_COMPILER_GLOBAL_ACCENT_COLOR_NAME = AccentColor;
				CODE_SIGN_STYLE = Automatic;
				INFOPLIST_FILE = MockInvestApp/Info.plist;
				LD_RUNPATH_SEARCH_PATHS = (
					"$(inherited)",
					"@executable_path/Frameworks",
				);
				PRODUCT_BUNDLE_IDENTIFIER = "Kaito-Arai.MockInvestApp";
				PRODUCT_NAME = "$(TARGET_NAME)";
				SWIFT_VERSION = 5.0;
				TARGETED_DEVICE_FAMILY = "1,2";
			};
			name = Release;
		};
		12A8642527154EB200B67D20 /* Debug */ = {
			isa = XCBuildConfiguration;
			buildSettings = {
				ALWAYS_EMBED_SWIFT_STANDARD_LIBRARIES = YES;
				BUNDLE_LOADER = "$(TEST_HOST)";
				CODE_SIGN_STYLE = Automatic;
				INFOPLIST_FILE = MockInvestAppTests/Info.plist;
				IPHONEOS_DEPLOYMENT_TARGET = 14.4;
				LD_RUNPATH_SEARCH_PATHS = (
					"$(inherited)",
					"@executable_path/Frameworks",
					"@loader_path/Frameworks",
				);
				PRODUCT_BUNDLE_IDENTIFIER = "Kaito-Arai.MockInvestAppTests";
				PRODUCT_NAME = "$(TARGET_NAME)";
				SWIFT_VERSION = 5.0;
				TARGETED_DEVICE_FAMILY = "1,2";
				TEST_HOST = "$(BUILT_PRODUCTS_DIR)/MockInvestApp.app/MockInvestApp";
			};
			name = Debug;
		};
		12A8642627154EB200B67D20 /* Release */ = {
			isa = XCBuildConfiguration;
			buildSettings = {
				ALWAYS_EMBED_SWIFT_STANDARD_LIBRARIES = YES;
				BUNDLE_LOADER = "$(TEST_HOST)";
				CODE_SIGN_STYLE = Automatic;
				INFOPLIST_FILE = MockInvestAppTests/Info.plist;
				IPHONEOS_DEPLOYMENT_TARGET = 14.4;
				LD_RUNPATH_SEARCH_PATHS = (
					"$(inherited)",
					"@executable_path/Frameworks",
					"@loader_path/Frameworks",
				);
				PRODUCT_BUNDLE_IDENTIFIER = "Kaito-Arai.MockInvestAppTests";
				PRODUCT_NAME = "$(TARGET_NAME)";
				SWIFT_VERSION = 5.0;
				TARGETED_DEVICE_FAMILY = "1,2";
				TEST_HOST = "$(BUILT_PRODUCTS_DIR)/MockInvestApp.app/MockInvestApp";
			};
			name = Release;
		};
		12A8642827154EB200B67D20 /* Debug */ = {
			isa = XCBuildConfiguration;
			buildSettings = {
				ALWAYS_EMBED_SWIFT_STANDARD_LIBRARIES = YES;
				CODE_SIGN_STYLE = Automatic;
				INFOPLIST_FILE = MockInvestAppUITests/Info.plist;
				LD_RUNPATH_SEARCH_PATHS = (
					"$(inherited)",
					"@executable_path/Frameworks",
					"@loader_path/Frameworks",
				);
				PRODUCT_BUNDLE_IDENTIFIER = "Kaito-Arai.MockInvestAppUITests";
				PRODUCT_NAME = "$(TARGET_NAME)";
				SWIFT_VERSION = 5.0;
				TARGETED_DEVICE_FAMILY = "1,2";
				TEST_TARGET_NAME = MockInvestApp;
			};
			name = Debug;
		};
		12A8642927154EB200B67D20 /* Release */ = {
			isa = XCBuildConfiguration;
			buildSettings = {
				ALWAYS_EMBED_SWIFT_STANDARD_LIBRARIES = YES;
				CODE_SIGN_STYLE = Automatic;
				INFOPLIST_FILE = MockInvestAppUITests/Info.plist;
				LD_RUNPATH_SEARCH_PATHS = (
					"$(inherited)",
					"@executable_path/Frameworks",
					"@loader_path/Frameworks",
				);
				PRODUCT_BUNDLE_IDENTIFIER = "Kaito-Arai.MockInvestAppUITests";
				PRODUCT_NAME = "$(TARGET_NAME)";
				SWIFT_VERSION = 5.0;
				TARGETED_DEVICE_FAMILY = "1,2";
				TEST_TARGET_NAME = MockInvestApp;
			};
			name = Release;
		};
/* End XCBuildConfiguration section */

/* Begin XCConfigurationList section */
		12A863F227154EB100B67D20 /* Build configuration list for PBXProject "MockInvestApp" */ = {
			isa = XCConfigurationList;
			buildConfigurations = (
				12A8641F27154EB200B67D20 /* Debug */,
				12A8642027154EB200B67D20 /* Release */,
			);
			defaultConfigurationIsVisible = 0;
			defaultConfigurationName = Release;
		};
		12A8642127154EB200B67D20 /* Build configuration list for PBXNativeTarget "MockInvestApp" */ = {
			isa = XCConfigurationList;
			buildConfigurations = (
				12A8642227154EB200B67D20 /* Debug */,
				12A8642327154EB200B67D20 /* Release */,
			);
			defaultConfigurationIsVisible = 0;
			defaultConfigurationName = Release;
		};
		12A8642427154EB200B67D20 /* Build configuration list for PBXNativeTarget "MockInvestAppTests" */ = {
			isa = XCConfigurationList;
			buildConfigurations = (
				12A8642527154EB200B67D20 /* Debug */,
				12A8642627154EB200B67D20 /* Release */,
			);
			defaultConfigurationIsVisible = 0;
			defaultConfigurationName = Release;
		};
		12A8642727154EB200B67D20 /* Build configuration list for PBXNativeTarget "MockInvestAppUITests" */ = {
			isa = XCConfigurationList;
			buildConfigurations = (
				12A8642827154EB200B67D20 /* Debug */,
				12A8642927154EB200B67D20 /* Release */,
			);
			defaultConfigurationIsVisible = 0;
			defaultConfigurationName = Release;
		};
/* End XCConfigurationList section */
	};
	rootObject = 12A863EF27154EB100B67D20 /* Project object */;
}
